
Microsoft Visual Studio Solution File, Format Version 12.00
# Visual Studio Version 17
VisualStudioVersion = 17.1.31903.286
MinimumVisualStudioVersion = 10.0.40219.1
Project("{9A19103F-16F7-4668-BE54-9A1E7A4F7556}") = "Server", "src\Server\Server.csproj", "{2AFCC3D1-FB15-41D9-8C02-AA04B48315A8}"
EndProject
Project("{9A19103F-16F7-4668-BE54-9A1E7A4F7556}") = "RazorLibrary", "src\RazorLibrary\RazorLibrary.csproj", "{9185BC3B-D628-4ADE-BCC2-0F1264DD26D4}"
EndProject
Project("{9A19103F-16F7-4668-BE54-9A1E7A4F7556}") = "WebClient", "src\WebClient\WebClient.csproj", "{DE3BF74A-A1BB-4603-9B69-473B48F9EEBD}"
EndProject
Project("{9A19103F-16F7-4668-BE54-9A1E7A4F7556}") = "Library", "src\Library\Library.csproj", "{1DCF9A1C-6009-4B4D-ACD4-4CCD777EAEA7}"
EndProject
Project("{FAE04EC0-301F-11D3-BF4B-00C04F79EFBC}") = "ServerTests", "tests\ServerTests\ServerTests\ServerTests.csproj", "{D44A6CD2-600B-4380-A57F-9AEA0FA1E9FA}"
EndProject
Project("{FAE04EC0-301F-11D3-BF4B-00C04F79EFBC}") = "Infrastructure", "src\Infrastructure\Infrastructure.csproj", "{740A0165-46F8-48F6-B785-0C5752EF27D9}"
EndProject
Project("{FAE04EC0-301F-11D3-BF4B-00C04F79EFBC}") = "Domain", "src\Domain\Domain.csproj", "{C1FE70EA-4EFA-440B-B526-CD6F1AF39D87}"
EndProject
Global
	GlobalSection(SolutionConfigurationPlatforms) = preSolution
		Debug|Any CPU = Debug|Any CPU
		Release|Any CPU = Release|Any CPU
	EndGlobalSection
	GlobalSection(ProjectConfigurationPlatforms) = postSolution
		{2AFCC3D1-FB15-41D9-8C02-AA04B48315A8}.Debug|Any CPU.ActiveCfg = Debug|Any CPU
		{2AFCC3D1-FB15-41D9-8C02-AA04B48315A8}.Debug|Any CPU.Build.0 = Debug|Any CPU
		{2AFCC3D1-FB15-41D9-8C02-AA04B48315A8}.Release|Any CPU.ActiveCfg = Release|Any CPU
		{2AFCC3D1-FB15-41D9-8C02-AA04B48315A8}.Release|Any CPU.Build.0 = Release|Any CPU
		{9185BC3B-D628-4ADE-BCC2-0F1264DD26D4}.Debug|Any CPU.ActiveCfg = Debug|Any CPU
		{9185BC3B-D628-4ADE-BCC2-0F1264DD26D4}.Debug|Any CPU.Build.0 = Debug|Any CPU
		{9185BC3B-D628-4ADE-BCC2-0F1264DD26D4}.Release|Any CPU.ActiveCfg = Release|Any CPU
		{9185BC3B-D628-4ADE-BCC2-0F1264DD26D4}.Release|Any CPU.Build.0 = Release|Any CPU
		{DE3BF74A-A1BB-4603-9B69-473B48F9EEBD}.Debug|Any CPU.ActiveCfg = Debug|Any CPU
		{DE3BF74A-A1BB-4603-9B69-473B48F9EEBD}.Debug|Any CPU.Build.0 = Debug|Any CPU
		{DE3BF74A-A1BB-4603-9B69-473B48F9EEBD}.Release|Any CPU.ActiveCfg = Release|Any CPU
		{DE3BF74A-A1BB-4603-9B69-473B48F9EEBD}.Release|Any CPU.Build.0 = Release|Any CPU
		{1DCF9A1C-6009-4B4D-ACD4-4CCD777EAEA7}.Debug|Any CPU.ActiveCfg = Debug|Any CPU
		{1DCF9A1C-6009-4B4D-ACD4-4CCD777EAEA7}.Debug|Any CPU.Build.0 = Debug|Any CPU
		{1DCF9A1C-6009-4B4D-ACD4-4CCD777EAEA7}.Release|Any CPU.ActiveCfg = Release|Any CPU
		{1DCF9A1C-6009-4B4D-ACD4-4CCD777EAEA7}.Release|Any CPU.Build.0 = Release|Any CPU
		{D44A6CD2-600B-4380-A57F-9AEA0FA1E9FA}.Debug|Any CPU.ActiveCfg = Debug|Any CPU
		{D44A6CD2-600B-4380-A57F-9AEA0FA1E9FA}.Debug|Any CPU.Build.0 = Debug|Any CPU
		{D44A6CD2-600B-4380-A57F-9AEA0FA1E9FA}.Release|Any CPU.ActiveCfg = Release|Any CPU
		{D44A6CD2-600B-4380-A57F-9AEA0FA1E9FA}.Release|Any CPU.Build.0 = Release|Any CPU
		{740A0165-46F8-48F6-B785-0C5752EF27D9}.Debug|Any CPU.ActiveCfg = Debug|Any CPU
		{740A0165-46F8-48F6-B785-0C5752EF27D9}.Debug|Any CPU.Build.0 = Debug|Any CPU
		{740A0165-46F8-48F6-B785-0C5752EF27D9}.Release|Any CPU.ActiveCfg = Release|Any CPU
		{740A0165-46F8-48F6-B785-0C5752EF27D9}.Release|Any CPU.Build.0 = Release|Any CPU
		{C1FE70EA-4EFA-440B-B526-CD6F1AF39D87}.Debug|Any CPU.ActiveCfg = Debug|Any CPU
		{C1FE70EA-4EFA-440B-B526-CD6F1AF39D87}.Debug|Any CPU.Build.0 = Debug|Any CPU
		{C1FE70EA-4EFA-440B-B526-CD6F1AF39D87}.Release|Any CPU.ActiveCfg = Release|Any CPU
		{C1FE70EA-4EFA-440B-B526-CD6F1AF39D87}.Release|Any CPU.Build.0 = Release|Any CPU
	EndGlobalSection
	GlobalSection(SolutionProperties) = preSolution
		HideSolutionNode = FALSE
	EndGlobalSection
	GlobalSection(ExtensibilityGlobals) = postSolution
		SolutionGuid = {94E38924-F098-4E09-855E-7FAEE45BD650}
	EndGlobalSection
EndGlobal
